dependencies:
- name: api-gateway
  repository: file://../api-gateway/api-gateway-chart
  version: 0.1.9
- name: external-data-service
  repository: file://../external-data-service/external-data-service-chart
  version: 0.1.3
- name: data-generation-service
  repository: file://../data-generation-service/data-generation-service-chart
  version: 0.1.3
- name: report-generator-service
  repository: file://../report-generator-service/report-generator-service-chart
  version: 0.1.5
- name: report-data-service
  repository: file://../report-data-service/report-data-service-chart
  version: 0.1.6
- name: report-delivery-service
  repository: file://../report-delivery-service/report-delivery-service-chart
  version: 0.1.5
- name: config-control-service
  repository: file://../config-control-service/config-control-service-chart
  version: 0.1.3
digest: sha256:2d5076241ff873048d576216fa9bdad1c72a99b442f078c2cddc19ead2fd2624
generated: "2024-08-11T14:09:48.499818+03:00"
