dependencies:
- name: api-gateway
  repository: file://../api-gateway/api-gateway-chart
  version: 0.1.8
- name: external-data-service
  repository: file://../external-data-service/external-data-service-chart
  version: 0.1.3
- name: data-generation-service
  repository: file://../data-generation-service/data-generation-service-chart
  version: 0.1.3
- name: report-generator-service
  repository: file://../report-generator-service/report-generator-service-chart
  version: 0.1.5
- name: report-data-service
  repository: file://../report-data-service/report-data-service-chart
  version: 0.1.6
- name: report-delivery-service
  repository: file://../report-delivery-service/report-delivery-service-chart
  version: 0.1.5
- name: config-control-service
  repository: file://../config-control-service/config-control-service-chart
  version: 0.1.3
digest: sha256:c7a277b46452e00e961badfe9cb782824f89faddbca1558499b35bae41e0b3c5
generated: "2024-08-08T19:07:38.352466+03:00"
