dependencies:
- name: api-gateway
  repository: file://../api-gateway/api-gateway-chart
  version: 0.1.0
- name: external-data-service
  repository: file://../external-data-service/external-data-service-chart
  version: 0.1.1
- name: data-generation-service
  repository: file://../data-generation-service/data-generation-service-chart
  version: 0.1.1
- name: report-generator-service
  repository: file://../report-generator-service/report-generator-service-chart
  version: 0.1.1
- name: report-data-service
  repository: file://../report-data-service/report-data-service-chart
  version: 0.1.0
- name: config-control-service
  repository: file://../config-control-service/config-control-service-chart
  version: 0.1.0
digest: sha256:b00e9b83576cd569af98bee10a13e62a37792c3cf110d2804a1ade2a3c575414
generated: "2024-07-16T17:22:11.400185+03:00"
